
Microsoft Visual Studio Solution File, Format Version 12.00
# Visual Studio Version 16
VisualStudioVersion = 16.0.31205.134
MinimumVisualStudioVersion = 10.0.40219.1
Project("{FAE04EC0-301F-11D3-BF4B-00C04F79EFBC}") = "dotnetProgram", "dotnetProgram\dotnetProgram.csproj", "{CE8C5E94-FE81-4333-9E8F-5D1B16D6E0A4}"
EndProject
Global
	GlobalSection(SolutionConfigurationPlatforms) = preSolution
		Debug|Any CPU = Debug|Any CPU
		Release|Any CPU = Release|Any CPU
	EndGlobalSection
	GlobalSection(ProjectConfigurationPlatforms) = postSolution
		{CE8C5E94-FE81-4333-9E8F-5D1B16D6E0A4}.Debug|Any CPU.ActiveCfg = Debug|Any CPU
		{CE8C5E94-FE81-4333-9E8F-5D1B16D6E0A4}.Debug|Any CPU.Build.0 = Debug|Any CPU
		{CE8C5E94-FE81-4333-9E8F-5D1B16D6E0A4}.Release|Any CPU.ActiveCfg = Release|Any CPU
		{CE8C5E94-FE81-4333-9E8F-5D1B16D6E0A4}.Release|Any CPU.Build.0 = Release|Any CPU
	EndGlobalSection
	GlobalSection(SolutionProperties) = preSolution
		HideSolutionNode = FALSE
	EndGlobalSection
	GlobalSection(ExtensibilityGlobals) = postSolution
		SolutionGuid = {A236324D-8E18-4673-A3C8-A6800A4D90FF}
	EndGlobalSection
EndGlobal
